{
  "lockfile-version": 1,
  "manifest": {
    "version": 1,
    "install": {
      "brotli": {
        "pkg-path": "python313Packages.brotli"
      },
      "fonttools": {
        "pkg-path": "python313Packages.fonttools"
      },
      "gh": {
        "pkg-path": "gh"
      },
      "google-chrome": {
        "pkg-path": "google-chrome",
        "systems": [
          "aarch64-darwin",
          "x86_64-darwin",
          "x86_64-linux"
        ]
      },
      "nodejs": {
        "pkg-path": "nodejs"
      },
      "ruby": {
        "pkg-path": "ruby"
      },
      "woff2": {
        "pkg-path": "woff2"
      }
    },
    "hook": {},
    "profile": {},
    "options": {}
  },
  "packages": [
    {
      "attr_path": "python313Packages.brotli",
      "broken": false,
      "derivation": "/nix/store/4gdh4q2rwq1i2jjdbc8rawxscn6qlqp0-python3.13-brotli-1.1.0.drv",
      "description": "Generic-purpose lossless compression algorithm",
      "install_id": "brotli",
      "license": "MIT",
      "locked_url": "https://github.com/flox/nixpkgs?rev=8eb28adfa3dc4de28e792e3bf49fcf9007ca8ac9",
      "name": "python3.13-brotli-1.1.0",
      "pname": "brotli",
      "rev": "8eb28adfa3dc4de28e792e3bf49fcf9007ca8ac9",
      "rev_count": 856926,
      "rev_date": "2025-09-05T10:37:24Z",
      "scrape_date": "2025-09-08T03:41:42.818790Z",
      "stabilities": [
        "unstable"
      ],
      "unfree": false,
      "version": "1.1.0",
      "outputs_to_install": [
        "out",
        "out"
      ],
      "outputs": {
        "dist": "/nix/store/6zl160blhphj31ks0c9xvqc6fnkf6v2b-python3.13-brotli-1.1.0-dist",
        "out": "/nix/store/29b2dqvq4v38j062xwcy7781k13832qg-python3.13-brotli-1.1.0"
      },
      "system": "aarch64-darwin",
      "group": "toplevel",
      "priority": 5
    },
    {
      "attr_path": "python313Packages.brotli",
      "broken": false,
      "derivation": "/nix/store/y632lcqfpxdhf72gg1p5b7xqkqi873h8-python3.13-brotli-1.1.0.drv",
      "description": "Generic-purpose lossless compression algorithm",
      "install_id": "brotli",
      "license": "MIT",
      "locked_url": "https://github.com/flox/nixpkgs?rev=8eb28adfa3dc4de28e792e3bf49fcf9007ca8ac9",
      "name": "python3.13-brotli-1.1.0",
      "pname": "brotli",
      "rev": "8eb28adfa3dc4de28e792e3bf49fcf9007ca8ac9",
      "rev_count": 856926,
      "rev_date": "2025-09-05T10:37:24Z",
      "scrape_date": "2025-09-08T03:53:49.505626Z",
      "stabilities": [
        "unstable"
      ],
      "unfree": false,
      "version": "1.1.0",
      "outputs_to_install": [
        "out",
        "out"
      ],
      "outputs": {
        "dist": "/nix/store/nvxya7f0fy69vawiamxkl7g74085kprz-python3.13-brotli-1.1.0-dist",
        "out": "/nix/store/sxws1m4fn30gspz2bb5w4hxq50rvbzna-python3.13-brotli-1.1.0"
      },
      "system": "aarch64-linux",
      "group": "toplevel",
      "priority": 5
    },
    {
      "attr_path": "python313Packages.brotli",
      "broken": false,
      "derivation": "/nix/store/72jc14g5r0apq3brh28yjli53jlzl1sp-python3.13-brotli-1.1.0.drv",
      "description": "Generic-purpose lossless compression algorithm",
      "install_id": "brotli",
      "license": "MIT",
      "locked_url": "https://github.com/flox/nixpkgs?rev=8eb28adfa3dc4de28e792e3bf49fcf9007ca8ac9",
      "name": "python3.13-brotli-1.1.0",
      "pname": "brotli",
      "rev": "8eb28adfa3dc4de28e792e3bf49fcf9007ca8ac9",
      "rev_count": 856926,
      "rev_date": "2025-09-05T10:37:24Z",
      "scrape_date": "2025-09-08T04:23:08.895049Z",
      "stabilities": [
        "unstable"
      ],
      "unfree": false,
      "version": "1.1.0",
      "outputs_to_install": [
        "out",
        "out"
      ],
      "outputs": {
        "dist": "/nix/store/f1klp1j56rmjjnhd602grmb9hbawwnan-python3.13-brotli-1.1.0-dist",
        "out": "/nix/store/s51xl1lsbcq8barf5b8jbg3x1ka46v3k-python3.13-brotli-1.1.0"
      },
      "system": "x86_64-darwin",
      "group": "toplevel",
      "priority": 5
    },
    {
      "attr_path": "python313Packages.brotli",
      "broken": false,
      "derivation": "/nix/store/f79vz5nilw1vw0xm2p9zfl62nyy1r9hs-python3.13-brotli-1.1.0.drv",
      "description": "Generic-purpose lossless compression algorithm",
      "install_id": "brotli",
      "license": "MIT",
      "locked_url": "https://github.com/flox/nixpkgs?rev=8eb28adfa3dc4de28e792e3bf49fcf9007ca8ac9",
      "name": "python3.13-brotli-1.1.0",
      "pname": "brotli",
      "rev": "8eb28adfa3dc4de28e792e3bf49fcf9007ca8ac9",
      "rev_count": 856926,
      "rev_date": "2025-09-05T10:37:24Z",
      "scrape_date": "2025-09-08T04:56:02.352389Z",
      "stabilities": [
        "unstable"
      ],
      "unfree": false,
      "version": "1.1.0",
      "outputs_to_install": [
        "out",
        "out",
        "out"
      ],
      "outputs": {
        "dist": "/nix/store/vl283gc8nqbbb3fgmk0rpqxpjlq83wc8-python3.13-brotli-1.1.0-dist",
        "out": "/nix/store/1lgbr9j9ymggrnqji8lj9kn9d8q0zmk1-python3.13-brotli-1.1.0"
      },
      "system": "x86_64-linux",
      "group": "toplevel",
      "priority": 5
    },
    {
      "attr_path": "python313Packages.fonttools",
      "broken": false,
      "derivation": "/nix/store/fzpgn906084dvn7g68mjv9fwj7xkrr89-python3.13-fonttools-4.59.0.drv",
      "description": "Library to manipulate font files from Python",
      "install_id": "fonttools",
      "license": "MIT",
      "locked_url": "https://github.com/flox/nixpkgs?rev=8eb28adfa3dc4de28e792e3bf49fcf9007ca8ac9",
      "name": "python3.13-fonttools-4.59.0",
      "pname": "fonttools",
      "rev": "8eb28adfa3dc4de28e792e3bf49fcf9007ca8ac9",
      "rev_count": 856926,
      "rev_date": "2025-09-05T10:37:24Z",
      "scrape_date": "2025-09-08T03:41:46.378250Z",
      "stabilities": [
        "unstable"
      ],
      "unfree": false,
      "version": "4.59.0",
      "outputs_to_install": [
        "out",
        "out"
      ],
      "outputs": {
        "dist": "/nix/store/n16dbss3j5d8nyh61hvj8s7kbm9fn29j-python3.13-fonttools-4.59.0-dist",
        "out": "/nix/store/ky47bi9ippx77x9cgri17a5vxgaaih81-python3.13-fonttools-4.59.0"
      },
      "system": "aarch64-darwin",
      "group": "toplevel",
      "priority": 5
    },
    {
      "attr_path": "python313Packages.fonttools",
      "broken": false,
      "derivation": "/nix/store/a9i4wj5ybbvm8svvbj9k18d55yami5v2-python3.13-fonttools-4.59.0.drv",
      "description": "Library to manipulate font files from Python",
      "install_id": "fonttools",
      "license": "MIT",
      "locked_url": "https://github.com/flox/nixpkgs?rev=8eb28adfa3dc4de28e792e3bf49fcf9007ca8ac9",
      "name": "python3.13-fonttools-4.59.0",
      "pname": "fonttools",
      "rev": "8eb28adfa3dc4de28e792e3bf49fcf9007ca8ac9",
      "rev_count": 856926,
      "rev_date": "2025-09-05T10:37:24Z",
      "scrape_date": "2025-09-08T03:53:53.887100Z",
      "stabilities": [
        "unstable"
      ],
      "unfree": false,
      "version": "4.59.0",
      "outputs_to_install": [
        "out",
        "out"
      ],
      "outputs": {
        "dist": "/nix/store/0kdygb406n2jw5mx5gs8bmr1y38xpnvv-python3.13-fonttools-4.59.0-dist",
        "out": "/nix/store/mz5p7l4sdb4hp6m4yxj8d79dr3xxa8rq-python3.13-fonttools-4.59.0"
      },
      "system": "aarch64-linux",
      "group": "toplevel",
      "priority": 5
    },
    {
      "attr_path": "python313Packages.fonttools",
      "broken": false,
      "derivation": "/nix/store/i0wsrz0bkylc1zbd8p493cmd5f4zlwzq-python3.13-fonttools-4.59.0.drv",
      "description": "Library to manipulate font files from Python",
      "install_id": "fonttools",
      "license": "MIT",
      "locked_url": "https://github.com/flox/nixpkgs?rev=8eb28adfa3dc4de28e792e3bf49fcf9007ca8ac9",
      "name": "python3.13-fonttools-4.59.0",
      "pname": "fonttools",
      "rev": "8eb28adfa3dc4de28e792e3bf49fcf9007ca8ac9",
      "rev_count": 856926,
      "rev_date": "2025-09-05T10:37:24Z",
      "scrape_date": "2025-09-08T04:23:12.847166Z",
      "stabilities": [
        "unstable"
      ],
      "unfree": false,
      "version": "4.59.0",
      "outputs_to_install": [
        "out",
        "out"
      ],
      "outputs": {
        "dist": "/nix/store/y9zciclv23rhip03zzw6r7mw0y7nza5k-python3.13-fonttools-4.59.0-dist",
        "out": "/nix/store/mxx84f5k0r5f8ncvdxhzyi696c1nd223-python3.13-fonttools-4.59.0"
      },
      "system": "x86_64-darwin",
      "group": "toplevel",
      "priority": 5
    },
    {
      "attr_path": "python313Packages.fonttools",
      "broken": false,
      "derivation": "/nix/store/2byjacm2spdrb9az1adfl89q6mlgzmq3-python3.13-fonttools-4.59.0.drv",
      "description": "Library to manipulate font files from Python",
      "install_id": "fonttools",
      "license": "MIT",
      "locked_url": "https://github.com/flox/nixpkgs?rev=8eb28adfa3dc4de28e792e3bf49fcf9007ca8ac9",
      "name": "python3.13-fonttools-4.59.0",
      "pname": "fonttools",
      "rev": "8eb28adfa3dc4de28e792e3bf49fcf9007ca8ac9",
      "rev_count": 856926,
      "rev_date": "2025-09-05T10:37:24Z",
      "scrape_date": "2025-09-08T04:56:07.160976Z",
      "stabilities": [
        "unstable"
      ],
      "unfree": false,
      "version": "4.59.0",
      "outputs_to_install": [
        "out",
        "out",
        "out"
      ],
      "outputs": {
        "dist": "/nix/store/5g6wlnv6z77l5x8dndz6f5w5fllyxy37-python3.13-fonttools-4.59.0-dist",
        "out": "/nix/store/4760xag0swjjjsq1rbd4vya9mj6ig940-python3.13-fonttools-4.59.0"
      },
      "system": "x86_64-linux",
      "group": "toplevel",
      "priority": 5
    },
    {
      "attr_path": "gh",
      "broken": false,
      "derivation": "/nix/store/8arnv07dwynjhi3sc4ifbxc761yqqjd2-gh-2.78.0.drv",
      "description": "GitHub CLI tool",
      "install_id": "gh",
      "license": "MIT",
      "locked_url": "https://github.com/flox/nixpkgs?rev=8eb28adfa3dc4de28e792e3bf49fcf9007ca8ac9",
      "name": "gh-2.78.0",
      "pname": "gh",
      "rev": "8eb28adfa3dc4de28e792e3bf49fcf9007ca8ac9",
      "rev_count": 856926,
      "rev_date": "2025-09-05T10:37:24Z",
      "scrape_date": "2025-09-08T03:40:12.547452Z",
      "stabilities": [
        "unstable"
      ],
      "unfree": false,
      "version": "2.78.0",
      "outputs_to_install": [
        "out"
      ],
      "outputs": {
        "out": "/nix/store/886src1jhm94xdrllnzz0aww9qmfc50l-gh-2.78.0"
      },
      "system": "aarch64-darwin",
      "group": "toplevel",
      "priority": 5
    },
    {
      "attr_path": "gh",
      "broken": false,
      "derivation": "/nix/store/j383h2gq5kwqrdxjp17xihy3s5shsr63-gh-2.78.0.drv",
      "description": "GitHub CLI tool",
      "install_id": "gh",
      "license": "MIT",
      "locked_url": "https://github.com/flox/nixpkgs?rev=8eb28adfa3dc4de28e792e3bf49fcf9007ca8ac9",
      "name": "gh-2.78.0",
      "pname": "gh",
      "rev": "8eb28adfa3dc4de28e792e3bf49fcf9007ca8ac9",
      "rev_count": 856926,
      "rev_date": "2025-09-05T10:37:24Z",
      "scrape_date": "2025-09-08T03:52:22.426057Z",
      "stabilities": [
        "unstable"
      ],
      "unfree": false,
      "version": "2.78.0",
      "outputs_to_install": [
        "out"
      ],
      "outputs": {
        "out": "/nix/store/fj5v9hzpzr9jvcpb4d1zqlsacll9n2mp-gh-2.78.0"
      },
      "system": "aarch64-linux",
      "group": "toplevel",
      "priority": 5
    },
    {
      "attr_path": "gh",
      "broken": false,
      "derivation": "/nix/store/j2j15dll0pg12qghz43kikds95hkq7rk-gh-2.78.0.drv",
      "description": "GitHub CLI tool",
      "install_id": "gh",
      "license": "MIT",
      "locked_url": "https://github.com/flox/nixpkgs?rev=8eb28adfa3dc4de28e792e3bf49fcf9007ca8ac9",
      "name": "gh-2.78.0",
      "pname": "gh",
      "rev": "8eb28adfa3dc4de28e792e3bf49fcf9007ca8ac9",
      "rev_count": 856926,
      "rev_date": "2025-09-05T10:37:24Z",
      "scrape_date": "2025-09-08T04:22:02.435164Z",
      "stabilities": [
        "unstable"
      ],
      "unfree": false,
      "version": "2.78.0",
      "outputs_to_install": [
        "out"
      ],
      "outputs": {
        "out": "/nix/store/sfpszlvhvlh9alfjfdv4dn5acjalihnl-gh-2.78.0"
      },
      "system": "x86_64-darwin",
      "group": "toplevel",
      "priority": 5
    },
    {
      "attr_path": "gh",
      "broken": false,
      "derivation": "/nix/store/bknn8xxqbaiplbzg0mjnmghbg5fvsm87-gh-2.78.0.drv",
      "description": "GitHub CLI tool",
      "install_id": "gh",
      "license": "MIT",
      "locked_url": "https://github.com/flox/nixpkgs?rev=8eb28adfa3dc4de28e792e3bf49fcf9007ca8ac9",
      "name": "gh-2.78.0",
      "pname": "gh",
      "rev": "8eb28adfa3dc4de28e792e3bf49fcf9007ca8ac9",
      "rev_count": 856926,
      "rev_date": "2025-09-05T10:37:24Z",
      "scrape_date": "2025-09-08T04:54:31.033566Z",
      "stabilities": [
        "unstable"
      ],
      "unfree": false,
      "version": "2.78.0",
      "outputs_to_install": [
        "out"
      ],
      "outputs": {
        "out": "/nix/store/2dpvjfrvc4h2b67ji259xrja5ggh4f17-gh-2.78.0"
      },
      "system": "x86_64-linux",
      "group": "toplevel",
      "priority": 5
    },
    {
      "attr_path": "google-chrome",
      "broken": false,
      "derivation": "/nix/store/lisf0wqzgjbkrjx6z7wi0rcp8aqma4n7-google-chrome-140.0.7339.81.drv",
      "description": "Freeware web browser developed by Google",
      "install_id": "google-chrome",
      "license": "Unfree",
      "locked_url": "https://github.com/flox/nixpkgs?rev=8eb28adfa3dc4de28e792e3bf49fcf9007ca8ac9",
      "name": "google-chrome-140.0.7339.81",
      "pname": "google-chrome",
      "rev": "8eb28adfa3dc4de28e792e3bf49fcf9007ca8ac9",
      "rev_count": 856926,
      "rev_date": "2025-09-05T10:37:24Z",
      "scrape_date": "2025-09-08T03:40:12.759895Z",
      "stabilities": [
        "unstable"
      ],
      "unfree": true,
      "version": "140.0.7339.81",
      "outputs_to_install": [
        "out"
      ],
      "outputs": {
        "out": "/nix/store/pi8qbnhs6svq0sxcykszjynxwl1bmw21-google-chrome-140.0.7339.81"
      },
      "system": "aarch64-darwin",
      "group": "toplevel",
      "priority": 5
    },
    {
      "attr_path": "google-chrome",
      "broken": false,
      "derivation": "/nix/store/irqldrbf8mri7d4ckp3mf9yhddcvi6bv-google-chrome-140.0.7339.81.drv",
      "description": "Freeware web browser developed by Google",
      "install_id": "google-chrome",
      "license": "Unfree",
      "locked_url": "https://github.com/flox/nixpkgs?rev=8eb28adfa3dc4de28e792e3bf49fcf9007ca8ac9",
      "name": "google-chrome-140.0.7339.81",
      "pname": "google-chrome",
      "rev": "8eb28adfa3dc4de28e792e3bf49fcf9007ca8ac9",
      "rev_count": 856926,
      "rev_date": "2025-09-05T10:37:24Z",
      "scrape_date": "2025-09-08T04:22:02.684433Z",
      "stabilities": [
        "unstable"
      ],
      "unfree": true,
      "version": "140.0.7339.81",
      "outputs_to_install": [
        "out"
      ],
      "outputs": {
        "out": "/nix/store/4ahvqgy0m0z76j0cl4vq70ck512l9cak-google-chrome-140.0.7339.81"
      },
      "system": "x86_64-darwin",
      "group": "toplevel",
      "priority": 5
    },
    {
      "attr_path": "google-chrome",
      "broken": false,
      "derivation": "/nix/store/nfc50fwil17g9gi53h1p2h0zpkjgpril-google-chrome-140.0.7339.80.drv",
      "description": "Freeware web browser developed by Google",
      "install_id": "google-chrome",
      "license": "Unfree",
      "locked_url": "https://github.com/flox/nixpkgs?rev=8eb28adfa3dc4de28e792e3bf49fcf9007ca8ac9",
      "name": "google-chrome-140.0.7339.80",
      "pname": "google-chrome",
      "rev": "8eb28adfa3dc4de28e792e3bf49fcf9007ca8ac9",
      "rev_count": 856926,
      "rev_date": "2025-09-05T10:37:24Z",
      "scrape_date": "2025-09-08T04:54:31.748969Z",
      "stabilities": [
        "unstable"
      ],
      "unfree": true,
      "version": "140.0.7339.80",
      "outputs_to_install": [
        "out"
      ],
      "outputs": {
        "out": "/nix/store/ws89kkr3gw68az3255afxdcgdd8x65kq-google-chrome-140.0.7339.80"
      },
      "system": "x86_64-linux",
      "group": "toplevel",
      "priority": 5
    },
    {
      "attr_path": "nodejs",
      "broken": false,
      "derivation": "/nix/store/0a9kkw6mh0f80jfq1nf9767hvg5gr71k-nodejs-22.18.0.drv",
      "description": "Event-driven I/O framework for the V8 JavaScript engine",
      "install_id": "nodejs",
      "license": "MIT",
      "locked_url": "https://github.com/flox/nixpkgs?rev=8eb28adfa3dc4de28e792e3bf49fcf9007ca8ac9",
      "name": "nodejs-22.18.0",
      "pname": "nodejs",
      "rev": "8eb28adfa3dc4de28e792e3bf49fcf9007ca8ac9",
      "rev_count": 856926,
      "rev_date": "2025-09-05T10:37:24Z",
      "scrape_date": "2025-09-08T03:41:04.548299Z",
      "stabilities": [
        "unstable"
      ],
      "unfree": false,
      "version": "22.18.0",
      "outputs_to_install": [
        "out"
      ],
      "outputs": {
        "dev": "/nix/store/4617bdwn34769c3bxkx9qgyzjh890qvf-nodejs-22.18.0-dev",
        "libv8": "/nix/store/89zl005215fzsfsbq3ar5dff44c2v3f9-nodejs-22.18.0-libv8",
        "out": "/nix/store/9yqq8szyz3qx8q6xlv1s3arhw4112wc8-nodejs-22.18.0"
      },
      "system": "aarch64-darwin",
      "group": "toplevel",
      "priority": 5
    },
    {
      "attr_path": "nodejs",
      "broken": false,
      "derivation": "/nix/store/1si9aramx1b8n9dgnaymh4s0v73zng5h-nodejs-22.18.0.drv",
      "description": "Event-driven I/O framework for the V8 JavaScript engine",
      "install_id": "nodejs",
      "license": "MIT",
      "locked_url": "https://github.com/flox/nixpkgs?rev=8eb28adfa3dc4de28e792e3bf49fcf9007ca8ac9",
      "name": "nodejs-22.18.0",
      "pname": "nodejs",
      "rev": "8eb28adfa3dc4de28e792e3bf49fcf9007ca8ac9",
      "rev_count": 856926,
      "rev_date": "2025-09-05T10:37:24Z",
      "scrape_date": "2025-09-08T03:52:59.374353Z",
      "stabilities": [
        "unstable"
      ],
      "unfree": false,
      "version": "22.18.0",
      "outputs_to_install": [
        "out"
      ],
      "outputs": {
        "dev": "/nix/store/0nzhmyzfcgynya9yy6gsp66bk47nq8s3-nodejs-22.18.0-dev",
        "libv8": "/nix/store/5zfqiqmnv1xlx0fv0zy28hwcm332vdm1-nodejs-22.18.0-libv8",
        "out": "/nix/store/sswndb8p93xa94x53769zh3lhci99g8f-nodejs-22.18.0"
      },
      "system": "aarch64-linux",
      "group": "toplevel",
      "priority": 5
    },
    {
      "attr_path": "nodejs",
      "broken": false,
      "derivation": "/nix/store/5cxy82gwm7zl4fxbfkj6ah23j9j5wbd6-nodejs-22.18.0.drv",
      "description": "Event-driven I/O framework for the V8 JavaScript engine",
      "install_id": "nodejs",
      "license": "MIT",
      "locked_url": "https://github.com/flox/nixpkgs?rev=8eb28adfa3dc4de28e792e3bf49fcf9007ca8ac9",
      "name": "nodejs-22.18.0",
      "pname": "nodejs",
      "rev": "8eb28adfa3dc4de28e792e3bf49fcf9007ca8ac9",
      "rev_count": 856926,
      "rev_date": "2025-09-05T10:37:24Z",
      "scrape_date": "2025-09-08T04:22:26.353784Z",
      "stabilities": [
        "unstable"
      ],
      "unfree": false,
      "version": "22.18.0",
      "outputs_to_install": [
        "out"
      ],
      "outputs": {
        "dev": "/nix/store/f39fwzjpkj0hn26f3av1smbl0lmabizj-nodejs-22.18.0-dev",
        "libv8": "/nix/store/w90f0kd8h7893i6l8jmh01z3zsr514q0-nodejs-22.18.0-libv8",
        "out": "/nix/store/c5d89lgzr7np5pfv9l02vcnd84mg4gj4-nodejs-22.18.0"
      },
      "system": "x86_64-darwin",
      "group": "toplevel",
      "priority": 5
    },
    {
      "attr_path": "nodejs",
      "broken": false,
      "derivation": "/nix/store/6hkkd1197yqg4n9k2vk8phx098gn1axv-nodejs-22.18.0.drv",
      "description": "Event-driven I/O framework for the V8 JavaScript engine",
      "install_id": "nodejs",
      "license": "MIT",
      "locked_url": "https://github.com/flox/nixpkgs?rev=8eb28adfa3dc4de28e792e3bf49fcf9007ca8ac9",
      "name": "nodejs-22.18.0",
      "pname": "nodejs",
      "rev": "8eb28adfa3dc4de28e792e3bf49fcf9007ca8ac9",
      "rev_count": 856926,
      "rev_date": "2025-09-05T10:37:24Z",
      "scrape_date": "2025-09-08T04:55:10.799954Z",
      "stabilities": [
        "unstable"
      ],
      "unfree": false,
      "version": "22.18.0",
      "outputs_to_install": [
        "out"
      ],
      "outputs": {
        "dev": "/nix/store/mjgd69ahrwz5skifd30a87l1gb7yc785-nodejs-22.18.0-dev",
        "libv8": "/nix/store/j5lyv0imv3iiwbqyqc1v9vdscwylmk56-nodejs-22.18.0-libv8",
        "out": "/nix/store/9d235766g7alzlalw4z8yqxql0jl2mgd-nodejs-22.18.0"
      },
      "system": "x86_64-linux",
      "group": "toplevel",
      "priority": 5
    },
    {
      "attr_path": "ruby",
      "broken": false,
      "derivation": "/nix/store/7filbxyyhvgjx958mvi8c7k9dk4m47r7-ruby-3.3.8.drv",
      "description": "Object-oriented language for quick and easy programming",
      "install_id": "ruby",
      "license": "Ruby",
      "locked_url": "https://github.com/flox/nixpkgs?rev=8eb28adfa3dc4de28e792e3bf49fcf9007ca8ac9",
      "name": "ruby-3.3.8",
      "pname": "ruby",
      "rev": "8eb28adfa3dc4de28e792e3bf49fcf9007ca8ac9",
      "rev_count": 856926,
      "rev_date": "2025-09-05T10:37:24Z",
      "scrape_date": "2025-09-08T03:42:06.729832Z",
      "stabilities": [
        "unstable"
      ],
      "unfree": false,
      "version": "3.3.8",
      "outputs_to_install": [
        "out"
      ],
      "outputs": {
        "devdoc": "/nix/store/if4r3lb7qnlrz5gqhr7wqj3rglha4y1v-ruby-3.3.8-devdoc",
        "out": "/nix/store/z5dn71p2v8zs4ivli9ki35m6bm50fli4-ruby-3.3.8"
      },
      "system": "aarch64-darwin",
      "group": "toplevel",
      "priority": 5
    },
    {
      "attr_path": "ruby",
      "broken": false,
      "derivation": "/nix/store/h7skj1vlg95n80ma4ia1bkc2344bc554-ruby-3.3.8.drv",
      "description": "Object-oriented language for quick and easy programming",
      "install_id": "ruby",
      "license": "Ruby",
      "locked_url": "https://github.com/flox/nixpkgs?rev=8eb28adfa3dc4de28e792e3bf49fcf9007ca8ac9",
      "name": "ruby-3.3.8",
      "pname": "ruby",
      "rev": "8eb28adfa3dc4de28e792e3bf49fcf9007ca8ac9",
      "rev_count": 856926,
      "rev_date": "2025-09-05T10:37:24Z",
      "scrape_date": "2025-09-08T03:54:19.624762Z",
      "stabilities": [
        "unstable"
      ],
      "unfree": false,
      "version": "3.3.8",
      "outputs_to_install": [
        "out"
      ],
      "outputs": {
        "devdoc": "/nix/store/7qz7r07hvg5a7cb3xsvgss0z0kz3bq9q-ruby-3.3.8-devdoc",
        "out": "/nix/store/0ri8qj3vlysa2136847f006phj2f96xa-ruby-3.3.8"
      },
      "system": "aarch64-linux",
      "group": "toplevel",
      "priority": 5
    },
    {
      "attr_path": "ruby",
      "broken": false,
      "derivation": "/nix/store/n2p3d7gsdrz4rk9idiiqpbfyfq8a4pjj-ruby-3.3.8.drv",
      "description": "Object-oriented language for quick and easy programming",
      "install_id": "ruby",
      "license": "Ruby",
      "locked_url": "https://github.com/flox/nixpkgs?rev=8eb28adfa3dc4de28e792e3bf49fcf9007ca8ac9",
      "name": "ruby-3.3.8",
      "pname": "ruby",
      "rev": "8eb28adfa3dc4de28e792e3bf49fcf9007ca8ac9",
      "rev_count": 856926,
      "rev_date": "2025-09-05T10:37:24Z",
      "scrape_date": "2025-09-08T04:23:34.975058Z",
      "stabilities": [
        "unstable"
      ],
      "unfree": false,
      "version": "3.3.8",
      "outputs_to_install": [
        "out"
      ],
      "outputs": {
        "devdoc": "/nix/store/xb02yfk1cg3llclx6wylfkkpr18jr4wp-ruby-3.3.8-devdoc",
        "out": "/nix/store/gbmhzzzabrmiyqzbph4nk40znpbxnah7-ruby-3.3.8"
      },
      "system": "x86_64-darwin",
      "group": "toplevel",
      "priority": 5
    },
    {
      "attr_path": "ruby",
      "broken": false,
      "derivation": "/nix/store/3lca1dl1adiygpnb31vvm2bg8zvydvxc-ruby-3.3.8.drv",
      "description": "Object-oriented language for quick and easy programming",
      "install_id": "ruby",
      "license": "Ruby",
      "locked_url": "https://github.com/flox/nixpkgs?rev=8eb28adfa3dc4de28e792e3bf49fcf9007ca8ac9",
      "name": "ruby-3.3.8",
      "pname": "ruby",
      "rev": "8eb28adfa3dc4de28e792e3bf49fcf9007ca8ac9",
      "rev_count": 856926,
      "rev_date": "2025-09-05T10:37:24Z",
      "scrape_date": "2025-09-08T04:56:34.348739Z",
      "stabilities": [
        "unstable"
      ],
      "unfree": false,
      "version": "3.3.8",
      "outputs_to_install": [
        "out"
      ],
      "outputs": {
        "devdoc": "/nix/store/ivgz2wvk82cjgjgl6s1967cc8qhxlh1h-ruby-3.3.8-devdoc",
        "out": "/nix/store/ll92wwam2q5xr77p8zg6rqyh6xiqxdkf-ruby-3.3.8"
      },
      "system": "x86_64-linux",
      "group": "toplevel",
      "priority": 5
    },
    {
      "attr_path": "woff2",
      "broken": false,
      "derivation": "/nix/store/xgcvp0q4rfh6hhrv41bh9c4n74mxj384-woff2-1.0.2.drv",
      "description": "Webfont compression reference code",
      "install_id": "woff2",
      "license": "MIT",
      "locked_url": "https://github.com/flox/nixpkgs?rev=8eb28adfa3dc4de28e792e3bf49fcf9007ca8ac9",
      "name": "woff2-1.0.2",
      "pname": "woff2",
      "rev": "8eb28adfa3dc4de28e792e3bf49fcf9007ca8ac9",
      "rev_count": 856926,
      "rev_date": "2025-09-05T10:37:24Z",
      "scrape_date": "2025-09-08T03:43:12.682975Z",
      "stabilities": [
        "unstable"
      ],
      "unfree": false,
      "version": "1.0.2",
      "outputs_to_install": [
        "out"
      ],
      "outputs": {
        "dev": "/nix/store/882m5gjdq0w25yaxiy9dw6ick8x68gdi-woff2-1.0.2-dev",
        "lib": "/nix/store/58bqpj6khym55qqljfj52wria703jzfh-woff2-1.0.2-lib",
        "out": "/nix/store/4xc6hl8nwbpg926k6ywfx1c26k83xq9c-woff2-1.0.2"
      },
      "system": "aarch64-darwin",
      "group": "toplevel",
      "priority": 5
    },
    {
      "attr_path": "woff2",
      "broken": false,
      "derivation": "/nix/store/afmp4zn5ryf6wisa7sbx36jvyihyfb5d-woff2-1.0.2.drv",
      "description": "Webfont compression reference code",
      "install_id": "woff2",
      "license": "MIT",
      "locked_url": "https://github.com/flox/nixpkgs?rev=8eb28adfa3dc4de28e792e3bf49fcf9007ca8ac9",
      "name": "woff2-1.0.2",
      "pname": "woff2",
      "rev": "8eb28adfa3dc4de28e792e3bf49fcf9007ca8ac9",
      "rev_count": 856926,
      "rev_date": "2025-09-05T10:37:24Z",
      "scrape_date": "2025-09-08T03:55:40.004904Z",
      "stabilities": [
        "unstable"
      ],
      "unfree": false,
      "version": "1.0.2",
      "outputs_to_install": [
        "out"
      ],
      "outputs": {
        "dev": "/nix/store/5a7bkgawmh7q3s9zcw96770laaiwkqac-woff2-1.0.2-dev",
        "lib": "/nix/store/lagfwdnc2aakni078xgi839i0wyx3afz-woff2-1.0.2-lib",
        "out": "/nix/store/2sy1iqpszc6hbcf2wjyqqxn35sv0pw8z-woff2-1.0.2"
      },
      "system": "aarch64-linux",
      "group": "toplevel",
      "priority": 5
    },
    {
      "attr_path": "woff2",
      "broken": false,
      "derivation": "/nix/store/10h7cnka4bqjkkirjw96sax3zpkg7ap2-woff2-1.0.2.drv",
      "description": "Webfont compression reference code",
      "install_id": "woff2",
      "license": "MIT",
      "locked_url": "https://github.com/flox/nixpkgs?rev=8eb28adfa3dc4de28e792e3bf49fcf9007ca8ac9",
      "name": "woff2-1.0.2",
      "pname": "woff2",
      "rev": "8eb28adfa3dc4de28e792e3bf49fcf9007ca8ac9",
      "rev_count": 856926,
      "rev_date": "2025-09-05T10:37:24Z",
      "scrape_date": "2025-09-08T04:24:48.602317Z",
      "stabilities": [
        "unstable"
      ],
      "unfree": false,
      "version": "1.0.2",
      "outputs_to_install": [
        "out"
      ],
      "outputs": {
        "dev": "/nix/store/3m6rar89paag5y9y4cvffyz3kd6qadbq-woff2-1.0.2-dev",
        "lib": "/nix/store/kn0lx9r5zgpchhniv04qqlqvw73in2px-woff2-1.0.2-lib",
        "out": "/nix/store/zx0a5c91jjkmi7cj7kbcvmj6d984qvq1-woff2-1.0.2"
      },
      "system": "x86_64-darwin",
      "group": "toplevel",
      "priority": 5
    },
    {
      "attr_path": "woff2",
      "broken": false,
      "derivation": "/nix/store/1biykidjz7vfamc6mnl21nzgil239h1q-woff2-1.0.2.drv",
      "description": "Webfont compression reference code",
      "install_id": "woff2",
      "license": "MIT",
      "locked_url": "https://github.com/flox/nixpkgs?rev=8eb28adfa3dc4de28e792e3bf49fcf9007ca8ac9",
      "name": "woff2-1.0.2",
      "pname": "woff2",
      "rev": "8eb28adfa3dc4de28e792e3bf49fcf9007ca8ac9",
      "rev_count": 856926,
      "rev_date": "2025-09-05T10:37:24Z",
      "scrape_date": "2025-09-08T04:57:58.131770Z",
      "stabilities": [
        "unstable"
      ],
      "unfree": false,
      "version": "1.0.2",
      "outputs_to_install": [
        "out"
      ],
      "outputs": {
        "dev": "/nix/store/k1n68idx859yjqfdl9j7ap5rd7kvkhy9-woff2-1.0.2-dev",
        "lib": "/nix/store/70kf9ks6mgm54m71pr1jl74ypwzxb78b-woff2-1.0.2-lib",
        "out": "/nix/store/6cqjp95ziwcc2djp9kd2kqnvbmgisl28-woff2-1.0.2"
      },
      "system": "x86_64-linux",
      "group": "toplevel",
      "priority": 5
    }
  ]
}