{
  "lockfile-version": 1,
  "manifest": {
    "version": 1,
    "install": {
      "gh": {
        "pkg-path": "gh"
      },
      "google-chrome": {
        "pkg-path": "google-chrome",
        "systems": [
          "aarch64-darwin",
          "x86_64-darwin",
          "x86_64-linux"
        ]
      },
      "libwebp": {
        "pkg-path": "libwebp"
      },
      "nodejs": {
        "pkg-path": "nodejs"
      },
      "ruby": {
        "pkg-path": "ruby"
      }
    },
    "hook": {},
    "profile": {},
    "options": {}
  },
  "packages": [
    {
      "attr_path": "gh",
      "broken": false,
      "derivation": "/nix/store/llazyj6bs6bid3cnpi71pc3lckgxfxxr-gh-2.88.1.drv",
      "description": "GitHub CLI tool",
      "install_id": "gh",
      "license": "MIT",
      "locked_url": "https://github.com/flox/nixpkgs?rev=46db2e09e1d3f113a13c0d7b81e2f221c63b8ce9",
      "name": "gh-2.88.1",
      "pname": "gh",
      "rev": "46db2e09e1d3f113a13c0d7b81e2f221c63b8ce9",
      "rev_count": 969196,
      "rev_date": "2026-03-24T21:09:33Z",
      "scrape_date": "2026-03-27T03:38:24.320443Z",
      "stabilities": [
        "unstable"
      ],
      "unfree": false,
      "version": "2.88.1",
      "outputs_to_install": [
        "out"
      ],
      "outputs": {
        "out": "/nix/store/mkjsxxbz3pkics0xnly7p8iqgr2awfgw-gh-2.88.1"
      },
      "system": "aarch64-darwin",
      "group": "toplevel",
      "priority": 5
    },
    {
      "attr_path": "gh",
      "broken": false,
      "derivation": "/nix/store/d3ax8v6hzfk802cssrl96v9g5h8fg938-gh-2.88.1.drv",
      "description": "GitHub CLI tool",
      "install_id": "gh",
      "license": "MIT",
      "locked_url": "https://github.com/flox/nixpkgs?rev=46db2e09e1d3f113a13c0d7b81e2f221c63b8ce9",
      "name": "gh-2.88.1",
      "pname": "gh",
      "rev": "46db2e09e1d3f113a13c0d7b81e2f221c63b8ce9",
      "rev_count": 969196,
      "rev_date": "2026-03-24T21:09:33Z",
      "scrape_date": "2026-03-27T04:13:48.343384Z",
      "stabilities": [
        "unstable"
      ],
      "unfree": false,
      "version": "2.88.1",
      "outputs_to_install": [
        "out"
      ],
      "outputs": {
        "out": "/nix/store/1r8rp0324hmmim4p9lryhq6ck5s0z9h3-gh-2.88.1"
      },
      "system": "aarch64-linux",
      "group": "toplevel",
      "priority": 5
    },
    {
      "attr_path": "gh",
      "broken": false,
      "derivation": "/nix/store/cwxcsh7j200d0v3bxlnxspd73ijr9xnb-gh-2.88.1.drv",
      "description": "GitHub CLI tool",
      "install_id": "gh",
      "license": "MIT",
      "locked_url": "https://github.com/flox/nixpkgs?rev=46db2e09e1d3f113a13c0d7b81e2f221c63b8ce9",
      "name": "gh-2.88.1",
      "pname": "gh",
      "rev": "46db2e09e1d3f113a13c0d7b81e2f221c63b8ce9",
      "rev_count": 969196,
      "rev_date": "2026-03-24T21:09:33Z",
      "scrape_date": "2026-03-27T04:46:27.199397Z",
      "stabilities": [
        "unstable"
      ],
      "unfree": false,
      "version": "2.88.1",
      "outputs_to_install": [
        "out"
      ],
      "outputs": {
        "out": "/nix/store/5p7zchbbsws3d57mifs4h28fpb6jm2iv-gh-2.88.1"
      },
      "system": "x86_64-darwin",
      "group": "toplevel",
      "priority": 5
    },
    {
      "attr_path": "gh",
      "broken": false,
      "derivation": "/nix/store/lay9a9zipkcs25m8p260gn5k18jwkg3j-gh-2.88.1.drv",
      "description": "GitHub CLI tool",
      "install_id": "gh",
      "license": "MIT",
      "locked_url": "https://github.com/flox/nixpkgs?rev=46db2e09e1d3f113a13c0d7b81e2f221c63b8ce9",
      "name": "gh-2.88.1",
      "pname": "gh",
      "rev": "46db2e09e1d3f113a13c0d7b81e2f221c63b8ce9",
      "rev_count": 969196,
      "rev_date": "2026-03-24T21:09:33Z",
      "scrape_date": "2026-03-27T05:24:56.346756Z",
      "stabilities": [
        "unstable"
      ],
      "unfree": false,
      "version": "2.88.1",
      "outputs_to_install": [
        "out"
      ],
      "outputs": {
        "out": "/nix/store/sgwlyr2d03y1jgzh2iph82yrg8wwvn2f-gh-2.88.1"
      },
      "system": "x86_64-linux",
      "group": "toplevel",
      "priority": 5
    },
    {
      "attr_path": "google-chrome",
      "broken": false,
      "derivation": "/nix/store/dny3j9xphlfl6q407nm58cmlsh60qnz7-google-chrome-146.0.7680.154.drv",
      "description": "Freeware web browser developed by Google",
      "install_id": "google-chrome",
      "license": "Unfree",
      "locked_url": "https://github.com/flox/nixpkgs?rev=46db2e09e1d3f113a13c0d7b81e2f221c63b8ce9",
      "name": "google-chrome-146.0.7680.154",
      "pname": "google-chrome",
      "rev": "46db2e09e1d3f113a13c0d7b81e2f221c63b8ce9",
      "rev_count": 969196,
      "rev_date": "2026-03-24T21:09:33Z",
      "scrape_date": "2026-03-27T03:38:24.567027Z",
      "stabilities": [
        "unstable"
      ],
      "unfree": true,
      "version": "146.0.7680.154",
      "outputs_to_install": [
        "out"
      ],
      "outputs": {
        "out": "/nix/store/c1q13xdm35v1xlcs8dw6b4sg6rxm5hd5-google-chrome-146.0.7680.154"
      },
      "system": "aarch64-darwin",
      "group": "toplevel",
      "priority": 5
    },
    {
      "attr_path": "google-chrome",
      "broken": false,
      "derivation": "/nix/store/q7d3627y2ng75imnv055036qxs7px0wr-google-chrome-146.0.7680.154.drv",
      "description": "Freeware web browser developed by Google",
      "install_id": "google-chrome",
      "license": "Unfree",
      "locked_url": "https://github.com/flox/nixpkgs?rev=46db2e09e1d3f113a13c0d7b81e2f221c63b8ce9",
      "name": "google-chrome-146.0.7680.154",
      "pname": "google-chrome",
      "rev": "46db2e09e1d3f113a13c0d7b81e2f221c63b8ce9",
      "rev_count": 969196,
      "rev_date": "2026-03-24T21:09:33Z",
      "scrape_date": "2026-03-27T04:46:27.475164Z",
      "stabilities": [
        "unstable"
      ],
      "unfree": true,
      "version": "146.0.7680.154",
      "outputs_to_install": [
        "out"
      ],
      "outputs": {
        "out": "/nix/store/jq4393py178s35pf1f3hylchkda6fjif-google-chrome-146.0.7680.154"
      },
      "system": "x86_64-darwin",
      "group": "toplevel",
      "priority": 5
    },
    {
      "attr_path": "google-chrome",
      "broken": false,
      "derivation": "/nix/store/29phw6mi8qsz2p4pw3lb5jjcl05df45d-google-chrome-146.0.7680.153.drv",
      "description": "Freeware web browser developed by Google",
      "install_id": "google-chrome",
      "license": "Unfree",
      "locked_url": "https://github.com/flox/nixpkgs?rev=46db2e09e1d3f113a13c0d7b81e2f221c63b8ce9",
      "name": "google-chrome-146.0.7680.153",
      "pname": "google-chrome",
      "rev": "46db2e09e1d3f113a13c0d7b81e2f221c63b8ce9",
      "rev_count": 969196,
      "rev_date": "2026-03-24T21:09:33Z",
      "scrape_date": "2026-03-27T05:24:57.274294Z",
      "stabilities": [
        "unstable"
      ],
      "unfree": true,
      "version": "146.0.7680.153",
      "outputs_to_install": [
        "out"
      ],
      "outputs": {
        "out": "/nix/store/5fyi5df2lfhmvjgvlkdm5b46rbwxibsy-google-chrome-146.0.7680.153"
      },
      "system": "x86_64-linux",
      "group": "toplevel",
      "priority": 5
    },
    {
      "attr_path": "libwebp",
      "broken": false,
      "derivation": "/nix/store/2zahrw0waifjb0n4j03lv18m7ccc7aaq-libwebp-1.6.0.drv",
      "description": "Tools and library for the WebP image format",
      "install_id": "libwebp",
      "license": "BSD-3-Clause",
      "locked_url": "https://github.com/flox/nixpkgs?rev=46db2e09e1d3f113a13c0d7b81e2f221c63b8ce9",
      "name": "libwebp-1.6.0",
      "pname": "libwebp",
      "rev": "46db2e09e1d3f113a13c0d7b81e2f221c63b8ce9",
      "rev_count": 969196,
      "rev_date": "2026-03-24T21:09:33Z",
      "scrape_date": "2026-03-27T03:38:42.641340Z",
      "stabilities": [
        "unstable"
      ],
      "unfree": false,
      "version": "1.6.0",
      "outputs_to_install": [
        "out"
      ],
      "outputs": {
        "out": "/nix/store/2ar35gazcbazh8apyl8ximha4mlwsa4x-libwebp-1.6.0"
      },
      "system": "aarch64-darwin",
      "group": "toplevel",
      "priority": 5
    },
    {
      "attr_path": "libwebp",
      "broken": false,
      "derivation": "/nix/store/m7qbag561wpx6q8y7r3qsv7kjcima0vv-libwebp-1.6.0.drv",
      "description": "Tools and library for the WebP image format",
      "install_id": "libwebp",
      "license": "BSD-3-Clause",
      "locked_url": "https://github.com/flox/nixpkgs?rev=46db2e09e1d3f113a13c0d7b81e2f221c63b8ce9",
      "name": "libwebp-1.6.0",
      "pname": "libwebp",
      "rev": "46db2e09e1d3f113a13c0d7b81e2f221c63b8ce9",
      "rev_count": 969196,
      "rev_date": "2026-03-24T21:09:33Z",
      "scrape_date": "2026-03-27T04:14:13.751384Z",
      "stabilities": [
        "unstable"
      ],
      "unfree": false,
      "version": "1.6.0",
      "outputs_to_install": [
        "out",
        "out"
      ],
      "outputs": {
        "out": "/nix/store/jjciq7ni7ygks3xbcv3rj0njnphjbnly-libwebp-1.6.0"
      },
      "system": "aarch64-linux",
      "group": "toplevel",
      "priority": 5
    },
    {
      "attr_path": "libwebp",
      "broken": false,
      "derivation": "/nix/store/brbn98xblbsczy27r40yzia5gxjqwhib-libwebp-1.6.0.drv",
      "description": "Tools and library for the WebP image format",
      "install_id": "libwebp",
      "license": "BSD-3-Clause",
      "locked_url": "https://github.com/flox/nixpkgs?rev=46db2e09e1d3f113a13c0d7b81e2f221c63b8ce9",
      "name": "libwebp-1.6.0",
      "pname": "libwebp",
      "rev": "46db2e09e1d3f113a13c0d7b81e2f221c63b8ce9",
      "rev_count": 969196,
      "rev_date": "2026-03-24T21:09:33Z",
      "scrape_date": "2026-03-27T04:46:45.823711Z",
      "stabilities": [
        "unstable"
      ],
      "unfree": false,
      "version": "1.6.0",
      "outputs_to_install": [
        "out"
      ],
      "outputs": {
        "out": "/nix/store/5xb1bdhrgrwzifvl50wi5799bcchcrwq-libwebp-1.6.0"
      },
      "system": "x86_64-darwin",
      "group": "toplevel",
      "priority": 5
    },
    {
      "attr_path": "libwebp",
      "broken": false,
      "derivation": "/nix/store/9s8r9dwb887x9vawzsqjh2zcnd9ni2wz-libwebp-1.6.0.drv",
      "description": "Tools and library for the WebP image format",
      "install_id": "libwebp",
      "license": "BSD-3-Clause",
      "locked_url": "https://github.com/flox/nixpkgs?rev=46db2e09e1d3f113a13c0d7b81e2f221c63b8ce9",
      "name": "libwebp-1.6.0",
      "pname": "libwebp",
      "rev": "46db2e09e1d3f113a13c0d7b81e2f221c63b8ce9",
      "rev_count": 969196,
      "rev_date": "2026-03-24T21:09:33Z",
      "scrape_date": "2026-03-27T05:25:22.932606Z",
      "stabilities": [
        "unstable"
      ],
      "unfree": false,
      "version": "1.6.0",
      "outputs_to_install": [
        "out",
        "out"
      ],
      "outputs": {
        "out": "/nix/store/nbqvcbgh1cgxiydas83mlv30f3gx9yhx-libwebp-1.6.0"
      },
      "system": "x86_64-linux",
      "group": "toplevel",
      "priority": 5
    },
    {
      "attr_path": "nodejs",
      "broken": false,
      "derivation": "/nix/store/g2yfx00n1lp9i8ka7nbl11fawc0yfm7n-nodejs-24.14.0.drv",
      "description": "Event-driven I/O framework for the V8 JavaScript engine",
      "install_id": "nodejs",
      "license": "MIT",
      "locked_url": "https://github.com/flox/nixpkgs?rev=46db2e09e1d3f113a13c0d7b81e2f221c63b8ce9",
      "name": "nodejs-24.14.0",
      "pname": "nodejs",
      "rev": "46db2e09e1d3f113a13c0d7b81e2f221c63b8ce9",
      "rev_count": 969196,
      "rev_date": "2026-03-24T21:09:33Z",
      "scrape_date": "2026-03-27T03:38:48.617899Z",
      "stabilities": [
        "unstable"
      ],
      "unfree": false,
      "version": "24.14.0",
      "outputs_to_install": [
        "out"
      ],
      "outputs": {
        "out": "/nix/store/d5hw52iialz64hvfzfp9qm1gr2fp43kx-nodejs-24.14.0"
      },
      "system": "aarch64-darwin",
      "group": "toplevel",
      "priority": 5
    },
    {
      "attr_path": "nodejs",
      "broken": false,
      "derivation": "/nix/store/jj8rw2gnisil7dw10xi2qdinad9jqp7s-nodejs-24.14.0.drv",
      "description": "Event-driven I/O framework for the V8 JavaScript engine",
      "install_id": "nodejs",
      "license": "MIT",
      "locked_url": "https://github.com/flox/nixpkgs?rev=46db2e09e1d3f113a13c0d7b81e2f221c63b8ce9",
      "name": "nodejs-24.14.0",
      "pname": "nodejs",
      "rev": "46db2e09e1d3f113a13c0d7b81e2f221c63b8ce9",
      "rev_count": 969196,
      "rev_date": "2026-03-24T21:09:33Z",
      "scrape_date": "2026-03-27T04:14:26.627860Z",
      "stabilities": [
        "unstable"
      ],
      "unfree": false,
      "version": "24.14.0",
      "outputs_to_install": [
        "out"
      ],
      "outputs": {
        "out": "/nix/store/vs8zaq8fvbbjqfg4bzn424kn55sj7s7y-nodejs-24.14.0"
      },
      "system": "aarch64-linux",
      "group": "toplevel",
      "priority": 5
    },
    {
      "attr_path": "nodejs",
      "broken": false,
      "derivation": "/nix/store/l9ksrfa960964gqf23yfr7a66a2n18c1-nodejs-24.14.0.drv",
      "description": "Event-driven I/O framework for the V8 JavaScript engine",
      "install_id": "nodejs",
      "license": "MIT",
      "locked_url": "https://github.com/flox/nixpkgs?rev=46db2e09e1d3f113a13c0d7b81e2f221c63b8ce9",
      "name": "nodejs-24.14.0",
      "pname": "nodejs",
      "rev": "46db2e09e1d3f113a13c0d7b81e2f221c63b8ce9",
      "rev_count": 969196,
      "rev_date": "2026-03-24T21:09:33Z",
      "scrape_date": "2026-03-27T04:46:51.722933Z",
      "stabilities": [
        "unstable"
      ],
      "unfree": false,
      "version": "24.14.0",
      "outputs_to_install": [
        "out"
      ],
      "outputs": {
        "out": "/nix/store/70ypbaj273w2kk0nrs4vijizyqgbg48v-nodejs-24.14.0"
      },
      "system": "x86_64-darwin",
      "group": "toplevel",
      "priority": 5
    },
    {
      "attr_path": "nodejs",
      "broken": false,
      "derivation": "/nix/store/15s1kk2n6vg180wg04wj2wgnl19f03v7-nodejs-24.14.0.drv",
      "description": "Event-driven I/O framework for the V8 JavaScript engine",
      "install_id": "nodejs",
      "license": "MIT",
      "locked_url": "https://github.com/flox/nixpkgs?rev=46db2e09e1d3f113a13c0d7b81e2f221c63b8ce9",
      "name": "nodejs-24.14.0",
      "pname": "nodejs",
      "rev": "46db2e09e1d3f113a13c0d7b81e2f221c63b8ce9",
      "rev_count": 969196,
      "rev_date": "2026-03-24T21:09:33Z",
      "scrape_date": "2026-03-27T05:25:37.194239Z",
      "stabilities": [
        "unstable"
      ],
      "unfree": false,
      "version": "24.14.0",
      "outputs_to_install": [
        "out"
      ],
      "outputs": {
        "out": "/nix/store/v2210ar51jddnrcx46m53ivv9palc26m-nodejs-24.14.0"
      },
      "system": "x86_64-linux",
      "group": "toplevel",
      "priority": 5
    },
    {
      "attr_path": "ruby",
      "broken": false,
      "derivation": "/nix/store/jl6h02j6q92dnakjwms750w4khci9yzm-ruby-3.4.8.drv",
      "description": "Object-oriented language for quick and easy programming",
      "install_id": "ruby",
      "license": "Ruby",
      "locked_url": "https://github.com/flox/nixpkgs?rev=46db2e09e1d3f113a13c0d7b81e2f221c63b8ce9",
      "name": "ruby-3.4.8",
      "pname": "ruby",
      "rev": "46db2e09e1d3f113a13c0d7b81e2f221c63b8ce9",
      "rev_count": 969196,
      "rev_date": "2026-03-24T21:09:33Z",
      "scrape_date": "2026-03-27T03:39:54.134609Z",
      "stabilities": [
        "unstable"
      ],
      "unfree": false,
      "version": "3.4.8",
      "outputs_to_install": [
        "out"
      ],
      "outputs": {
        "devdoc": "/nix/store/mk7a50jsk138apqrnlzc077cik8cr47m-ruby-3.4.8-devdoc",
        "out": "/nix/store/88sazm3fj9kabg4pxmnjc53cx0syp8fk-ruby-3.4.8"
      },
      "system": "aarch64-darwin",
      "group": "toplevel",
      "priority": 5
    },
    {
      "attr_path": "ruby",
      "broken": false,
      "derivation": "/nix/store/nnsdpsn3frardpgx4bwkm8nwhxn1x1wm-ruby-3.4.8.drv",
      "description": "Object-oriented language for quick and easy programming",
      "install_id": "ruby",
      "license": "Ruby",
      "locked_url": "https://github.com/flox/nixpkgs?rev=46db2e09e1d3f113a13c0d7b81e2f221c63b8ce9",
      "name": "ruby-3.4.8",
      "pname": "ruby",
      "rev": "46db2e09e1d3f113a13c0d7b81e2f221c63b8ce9",
      "rev_count": 969196,
      "rev_date": "2026-03-24T21:09:33Z",
      "scrape_date": "2026-03-27T04:15:52.024719Z",
      "stabilities": [
        "unstable"
      ],
      "unfree": false,
      "version": "3.4.8",
      "outputs_to_install": [
        "out"
      ],
      "outputs": {
        "devdoc": "/nix/store/9wnq7dd2yw2lbjs69y19lm08ranqa930-ruby-3.4.8-devdoc",
        "out": "/nix/store/rpcpk0lxd8iliza4nl9apsgrpsb2yk4d-ruby-3.4.8"
      },
      "system": "aarch64-linux",
      "group": "toplevel",
      "priority": 5
    },
    {
      "attr_path": "ruby",
      "broken": false,
      "derivation": "/nix/store/jqh4k975v23rcrnh1w8xksjzx2s90z6l-ruby-3.4.8.drv",
      "description": "Object-oriented language for quick and easy programming",
      "install_id": "ruby",
      "license": "Ruby",
      "locked_url": "https://github.com/flox/nixpkgs?rev=46db2e09e1d3f113a13c0d7b81e2f221c63b8ce9",
      "name": "ruby-3.4.8",
      "pname": "ruby",
      "rev": "46db2e09e1d3f113a13c0d7b81e2f221c63b8ce9",
      "rev_count": 969196,
      "rev_date": "2026-03-24T21:09:33Z",
      "scrape_date": "2026-03-27T04:47:56.051214Z",
      "stabilities": [
        "unstable"
      ],
      "unfree": false,
      "version": "3.4.8",
      "outputs_to_install": [
        "out"
      ],
      "outputs": {
        "devdoc": "/nix/store/k3yn26wvgk4mfrd5nw4a23wnijd9hz6c-ruby-3.4.8-devdoc",
        "out": "/nix/store/gq0vdqfz16vf64ip8p749rmygxd7n3x1-ruby-3.4.8"
      },
      "system": "x86_64-darwin",
      "group": "toplevel",
      "priority": 5
    },
    {
      "attr_path": "ruby",
      "broken": false,
      "derivation": "/nix/store/r6blijk6i4bgk2mppjgm5a2xmy21vb89-ruby-3.4.8.drv",
      "description": "Object-oriented language for quick and easy programming",
      "install_id": "ruby",
      "license": "Ruby",
      "locked_url": "https://github.com/flox/nixpkgs?rev=46db2e09e1d3f113a13c0d7b81e2f221c63b8ce9",
      "name": "ruby-3.4.8",
      "pname": "ruby",
      "rev": "46db2e09e1d3f113a13c0d7b81e2f221c63b8ce9",
      "rev_count": 969196,
      "rev_date": "2026-03-24T21:09:33Z",
      "scrape_date": "2026-03-27T05:27:00.782313Z",
      "stabilities": [
        "unstable"
      ],
      "unfree": false,
      "version": "3.4.8",
      "outputs_to_install": [
        "out"
      ],
      "outputs": {
        "devdoc": "/nix/store/4k6c15chplw6cicc6f3lgzmi7i4792j6-ruby-3.4.8-devdoc",
        "out": "/nix/store/s57rf37r1i38kpm3nlv4h8f8z2w2n80d-ruby-3.4.8"
      },
      "system": "x86_64-linux",
      "group": "toplevel",
      "priority": 5
    }
  ]
}