{
  "lockfile-version": 1,
  "manifest": {
    "version": 1,
    "install": {
      "google-chrome": {
        "pkg-path": "google-chrome",
        "systems": [
          "aarch64-darwin",
          "x86_64-darwin",
          "x86_64-linux"
        ]
      },
      "nodejs": {
        "pkg-path": "nodejs"
      },
      "ruby": {
        "pkg-path": "ruby"
      }
    },
    "hook": {},
    "profile": {},
    "options": {}
  },
  "packages": [
    {
      "attr_path": "google-chrome",
      "broken": false,
      "derivation": "/nix/store/lisf0wqzgjbkrjx6z7wi0rcp8aqma4n7-google-chrome-140.0.7339.81.drv",
      "description": "Freeware web browser developed by Google",
      "install_id": "google-chrome",
      "license": "Unfree",
      "locked_url": "https://github.com/flox/nixpkgs?rev=8eb28adfa3dc4de28e792e3bf49fcf9007ca8ac9",
      "name": "google-chrome-140.0.7339.81",
      "pname": "google-chrome",
      "rev": "8eb28adfa3dc4de28e792e3bf49fcf9007ca8ac9",
      "rev_count": 856926,
      "rev_date": "2025-09-05T10:37:24Z",
      "scrape_date": "2025-09-08T03:40:12.759895Z",
      "stabilities": [
        "unstable"
      ],
      "unfree": true,
      "version": "140.0.7339.81",
      "outputs_to_install": [
        "out"
      ],
      "outputs": {
        "out": "/nix/store/pi8qbnhs6svq0sxcykszjynxwl1bmw21-google-chrome-140.0.7339.81"
      },
      "system": "aarch64-darwin",
      "group": "toplevel",
      "priority": 5
    },
    {
      "attr_path": "google-chrome",
      "broken": false,
      "derivation": "/nix/store/irqldrbf8mri7d4ckp3mf9yhddcvi6bv-google-chrome-140.0.7339.81.drv",
      "description": "Freeware web browser developed by Google",
      "install_id": "google-chrome",
      "license": "Unfree",
      "locked_url": "https://github.com/flox/nixpkgs?rev=8eb28adfa3dc4de28e792e3bf49fcf9007ca8ac9",
      "name": "google-chrome-140.0.7339.81",
      "pname": "google-chrome",
      "rev": "8eb28adfa3dc4de28e792e3bf49fcf9007ca8ac9",
      "rev_count": 856926,
      "rev_date": "2025-09-05T10:37:24Z",
      "scrape_date": "2025-09-08T04:22:02.684433Z",
      "stabilities": [
        "unstable"
      ],
      "unfree": true,
      "version": "140.0.7339.81",
      "outputs_to_install": [
        "out"
      ],
      "outputs": {
        "out": "/nix/store/4ahvqgy0m0z76j0cl4vq70ck512l9cak-google-chrome-140.0.7339.81"
      },
      "system": "x86_64-darwin",
      "group": "toplevel",
      "priority": 5
    },
    {
      "attr_path": "google-chrome",
      "broken": false,
      "derivation": "/nix/store/nfc50fwil17g9gi53h1p2h0zpkjgpril-google-chrome-140.0.7339.80.drv",
      "description": "Freeware web browser developed by Google",
      "install_id": "google-chrome",
      "license": "Unfree",
      "locked_url": "https://github.com/flox/nixpkgs?rev=8eb28adfa3dc4de28e792e3bf49fcf9007ca8ac9",
      "name": "google-chrome-140.0.7339.80",
      "pname": "google-chrome",
      "rev": "8eb28adfa3dc4de28e792e3bf49fcf9007ca8ac9",
      "rev_count": 856926,
      "rev_date": "2025-09-05T10:37:24Z",
      "scrape_date": "2025-09-08T04:54:31.748969Z",
      "stabilities": [
        "unstable"
      ],
      "unfree": true,
      "version": "140.0.7339.80",
      "outputs_to_install": [
        "out"
      ],
      "outputs": {
        "out": "/nix/store/ws89kkr3gw68az3255afxdcgdd8x65kq-google-chrome-140.0.7339.80"
      },
      "system": "x86_64-linux",
      "group": "toplevel",
      "priority": 5
    },
    {
      "attr_path": "nodejs",
      "broken": false,
      "derivation": "/nix/store/0a9kkw6mh0f80jfq1nf9767hvg5gr71k-nodejs-22.18.0.drv",
      "description": "Event-driven I/O framework for the V8 JavaScript engine",
      "install_id": "nodejs",
      "license": "MIT",
      "locked_url": "https://github.com/flox/nixpkgs?rev=8eb28adfa3dc4de28e792e3bf49fcf9007ca8ac9",
      "name": "nodejs-22.18.0",
      "pname": "nodejs",
      "rev": "8eb28adfa3dc4de28e792e3bf49fcf9007ca8ac9",
      "rev_count": 856926,
      "rev_date": "2025-09-05T10:37:24Z",
      "scrape_date": "2025-09-08T03:41:04.548299Z",
      "stabilities": [
        "unstable"
      ],
      "unfree": false,
      "version": "22.18.0",
      "outputs_to_install": [
        "out"
      ],
      "outputs": {
        "dev": "/nix/store/4617bdwn34769c3bxkx9qgyzjh890qvf-nodejs-22.18.0-dev",
        "libv8": "/nix/store/89zl005215fzsfsbq3ar5dff44c2v3f9-nodejs-22.18.0-libv8",
        "out": "/nix/store/9yqq8szyz3qx8q6xlv1s3arhw4112wc8-nodejs-22.18.0"
      },
      "system": "aarch64-darwin",
      "group": "toplevel",
      "priority": 5
    },
    {
      "attr_path": "nodejs",
      "broken": false,
      "derivation": "/nix/store/1si9aramx1b8n9dgnaymh4s0v73zng5h-nodejs-22.18.0.drv",
      "description": "Event-driven I/O framework for the V8 JavaScript engine",
      "install_id": "nodejs",
      "license": "MIT",
      "locked_url": "https://github.com/flox/nixpkgs?rev=8eb28adfa3dc4de28e792e3bf49fcf9007ca8ac9",
      "name": "nodejs-22.18.0",
      "pname": "nodejs",
      "rev": "8eb28adfa3dc4de28e792e3bf49fcf9007ca8ac9",
      "rev_count": 856926,
      "rev_date": "2025-09-05T10:37:24Z",
      "scrape_date": "2025-09-08T03:52:59.374353Z",
      "stabilities": [
        "unstable"
      ],
      "unfree": false,
      "version": "22.18.0",
      "outputs_to_install": [
        "out"
      ],
      "outputs": {
        "dev": "/nix/store/0nzhmyzfcgynya9yy6gsp66bk47nq8s3-nodejs-22.18.0-dev",
        "libv8": "/nix/store/5zfqiqmnv1xlx0fv0zy28hwcm332vdm1-nodejs-22.18.0-libv8",
        "out": "/nix/store/sswndb8p93xa94x53769zh3lhci99g8f-nodejs-22.18.0"
      },
      "system": "aarch64-linux",
      "group": "toplevel",
      "priority": 5
    },
    {
      "attr_path": "nodejs",
      "broken": false,
      "derivation": "/nix/store/5cxy82gwm7zl4fxbfkj6ah23j9j5wbd6-nodejs-22.18.0.drv",
      "description": "Event-driven I/O framework for the V8 JavaScript engine",
      "install_id": "nodejs",
      "license": "MIT",
      "locked_url": "https://github.com/flox/nixpkgs?rev=8eb28adfa3dc4de28e792e3bf49fcf9007ca8ac9",
      "name": "nodejs-22.18.0",
      "pname": "nodejs",
      "rev": "8eb28adfa3dc4de28e792e3bf49fcf9007ca8ac9",
      "rev_count": 856926,
      "rev_date": "2025-09-05T10:37:24Z",
      "scrape_date": "2025-09-08T04:22:26.353784Z",
      "stabilities": [
        "unstable"
      ],
      "unfree": false,
      "version": "22.18.0",
      "outputs_to_install": [
        "out"
      ],
      "outputs": {
        "dev": "/nix/store/f39fwzjpkj0hn26f3av1smbl0lmabizj-nodejs-22.18.0-dev",
        "libv8": "/nix/store/w90f0kd8h7893i6l8jmh01z3zsr514q0-nodejs-22.18.0-libv8",
        "out": "/nix/store/c5d89lgzr7np5pfv9l02vcnd84mg4gj4-nodejs-22.18.0"
      },
      "system": "x86_64-darwin",
      "group": "toplevel",
      "priority": 5
    },
    {
      "attr_path": "nodejs",
      "broken": false,
      "derivation": "/nix/store/6hkkd1197yqg4n9k2vk8phx098gn1axv-nodejs-22.18.0.drv",
      "description": "Event-driven I/O framework for the V8 JavaScript engine",
      "install_id": "nodejs",
      "license": "MIT",
      "locked_url": "https://github.com/flox/nixpkgs?rev=8eb28adfa3dc4de28e792e3bf49fcf9007ca8ac9",
      "name": "nodejs-22.18.0",
      "pname": "nodejs",
      "rev": "8eb28adfa3dc4de28e792e3bf49fcf9007ca8ac9",
      "rev_count": 856926,
      "rev_date": "2025-09-05T10:37:24Z",
      "scrape_date": "2025-09-08T04:55:10.799954Z",
      "stabilities": [
        "unstable"
      ],
      "unfree": false,
      "version": "22.18.0",
      "outputs_to_install": [
        "out"
      ],
      "outputs": {
        "dev": "/nix/store/mjgd69ahrwz5skifd30a87l1gb7yc785-nodejs-22.18.0-dev",
        "libv8": "/nix/store/j5lyv0imv3iiwbqyqc1v9vdscwylmk56-nodejs-22.18.0-libv8",
        "out": "/nix/store/9d235766g7alzlalw4z8yqxql0jl2mgd-nodejs-22.18.0"
      },
      "system": "x86_64-linux",
      "group": "toplevel",
      "priority": 5
    },
    {
      "attr_path": "ruby",
      "broken": false,
      "derivation": "/nix/store/7filbxyyhvgjx958mvi8c7k9dk4m47r7-ruby-3.3.8.drv",
      "description": "Object-oriented language for quick and easy programming",
      "install_id": "ruby",
      "license": "Ruby",
      "locked_url": "https://github.com/flox/nixpkgs?rev=8eb28adfa3dc4de28e792e3bf49fcf9007ca8ac9",
      "name": "ruby-3.3.8",
      "pname": "ruby",
      "rev": "8eb28adfa3dc4de28e792e3bf49fcf9007ca8ac9",
      "rev_count": 856926,
      "rev_date": "2025-09-05T10:37:24Z",
      "scrape_date": "2025-09-08T03:42:06.729832Z",
      "stabilities": [
        "unstable"
      ],
      "unfree": false,
      "version": "3.3.8",
      "outputs_to_install": [
        "out"
      ],
      "outputs": {
        "devdoc": "/nix/store/if4r3lb7qnlrz5gqhr7wqj3rglha4y1v-ruby-3.3.8-devdoc",
        "out": "/nix/store/z5dn71p2v8zs4ivli9ki35m6bm50fli4-ruby-3.3.8"
      },
      "system": "aarch64-darwin",
      "group": "toplevel",
      "priority": 5
    },
    {
      "attr_path": "ruby",
      "broken": false,
      "derivation": "/nix/store/h7skj1vlg95n80ma4ia1bkc2344bc554-ruby-3.3.8.drv",
      "description": "Object-oriented language for quick and easy programming",
      "install_id": "ruby",
      "license": "Ruby",
      "locked_url": "https://github.com/flox/nixpkgs?rev=8eb28adfa3dc4de28e792e3bf49fcf9007ca8ac9",
      "name": "ruby-3.3.8",
      "pname": "ruby",
      "rev": "8eb28adfa3dc4de28e792e3bf49fcf9007ca8ac9",
      "rev_count": 856926,
      "rev_date": "2025-09-05T10:37:24Z",
      "scrape_date": "2025-09-08T03:54:19.624762Z",
      "stabilities": [
        "unstable"
      ],
      "unfree": false,
      "version": "3.3.8",
      "outputs_to_install": [
        "out"
      ],
      "outputs": {
        "devdoc": "/nix/store/7qz7r07hvg5a7cb3xsvgss0z0kz3bq9q-ruby-3.3.8-devdoc",
        "out": "/nix/store/0ri8qj3vlysa2136847f006phj2f96xa-ruby-3.3.8"
      },
      "system": "aarch64-linux",
      "group": "toplevel",
      "priority": 5
    },
    {
      "attr_path": "ruby",
      "broken": false,
      "derivation": "/nix/store/n2p3d7gsdrz4rk9idiiqpbfyfq8a4pjj-ruby-3.3.8.drv",
      "description": "Object-oriented language for quick and easy programming",
      "install_id": "ruby",
      "license": "Ruby",
      "locked_url": "https://github.com/flox/nixpkgs?rev=8eb28adfa3dc4de28e792e3bf49fcf9007ca8ac9",
      "name": "ruby-3.3.8",
      "pname": "ruby",
      "rev": "8eb28adfa3dc4de28e792e3bf49fcf9007ca8ac9",
      "rev_count": 856926,
      "rev_date": "2025-09-05T10:37:24Z",
      "scrape_date": "2025-09-08T04:23:34.975058Z",
      "stabilities": [
        "unstable"
      ],
      "unfree": false,
      "version": "3.3.8",
      "outputs_to_install": [
        "out"
      ],
      "outputs": {
        "devdoc": "/nix/store/xb02yfk1cg3llclx6wylfkkpr18jr4wp-ruby-3.3.8-devdoc",
        "out": "/nix/store/gbmhzzzabrmiyqzbph4nk40znpbxnah7-ruby-3.3.8"
      },
      "system": "x86_64-darwin",
      "group": "toplevel",
      "priority": 5
    },
    {
      "attr_path": "ruby",
      "broken": false,
      "derivation": "/nix/store/3lca1dl1adiygpnb31vvm2bg8zvydvxc-ruby-3.3.8.drv",
      "description": "Object-oriented language for quick and easy programming",
      "install_id": "ruby",
      "license": "Ruby",
      "locked_url": "https://github.com/flox/nixpkgs?rev=8eb28adfa3dc4de28e792e3bf49fcf9007ca8ac9",
      "name": "ruby-3.3.8",
      "pname": "ruby",
      "rev": "8eb28adfa3dc4de28e792e3bf49fcf9007ca8ac9",
      "rev_count": 856926,
      "rev_date": "2025-09-05T10:37:24Z",
      "scrape_date": "2025-09-08T04:56:34.348739Z",
      "stabilities": [
        "unstable"
      ],
      "unfree": false,
      "version": "3.3.8",
      "outputs_to_install": [
        "out"
      ],
      "outputs": {
        "devdoc": "/nix/store/ivgz2wvk82cjgjgl6s1967cc8qhxlh1h-ruby-3.3.8-devdoc",
        "out": "/nix/store/ll92wwam2q5xr77p8zg6rqyh6xiqxdkf-ruby-3.3.8"
      },
      "system": "x86_64-linux",
      "group": "toplevel",
      "priority": 5
    }
  ]
}